
Microsoft Visual Studio Solution File, Format Version 12.00
# Visual Studio Version 17
VisualStudioVersion = 17.2.32616.157
MinimumVisualStudioVersion = 10.0.40219.1
Project("{FAE04EC0-301F-11D3-BF4B-00C04F79EFBC}") = "help me", "help me.csproj", "{5DC28322-148C-4F0C-B51B-C03A0AA5D9F0}"
EndProject
Global
	GlobalSection(SolutionConfigurationPlatforms) = preSolution
		Debug|Any CPU = Debug|Any CPU
		Release|Any CPU = Release|Any CPU
	EndGlobalSection
	GlobalSection(ProjectConfigurationPlatforms) = postSolution
		{5DC28322-148C-4F0C-B51B-C03A0AA5D9F0}.Debug|Any CPU.ActiveCfg = Debug|Any CPU
		{5DC28322-148C-4F0C-B51B-C03A0AA5D9F0}.Debug|Any CPU.Build.0 = Debug|Any CPU
		{5DC28322-148C-4F0C-B51B-C03A0AA5D9F0}.Release|Any CPU.ActiveCfg = Release|Any CPU
		{5DC28322-148C-4F0C-B51B-C03A0AA5D9F0}.Release|Any CPU.Build.0 = Release|Any CPU
	EndGlobalSection
	GlobalSection(SolutionProperties) = preSolution
		HideSolutionNode = FALSE
	EndGlobalSection
	GlobalSection(ExtensibilityGlobals) = postSolution
		SolutionGuid = {D9AAF16F-39CD-4A1A-B8E1-635C6739DCF0}
	EndGlobalSection
EndGlobal
